{
  "name": "@jcesarmobile/ssl-skip",
  "version": "0.3.0",
  "lockfileVersion": 2,
  "requires": true,
  "packages": {
    "": {
      "name": "@jcesarmobile/ssl-skip",
      "version": "0.3.0",
      "license": "MIT",
      "devDependencies": {
        "@capacitor/android": "^6.0.0",
        "@capacitor/ios": "^6.0.0",
        "@ionic/prettier-config": "^2.0.0",
        "prettier": "~2.7.1",
        "prettier-plugin-java": "~1.6.2",
        "swiftlint": "^1.0.1"
      }
    },
    "node_modules/@babel/code-frame": {
      "version": "7.23.5",
      "dev": true,
      "license": "MIT",
      "dependencies": {
        "@babel/highlight": "^7.23.4",
        "chalk": "^2.4.2"
      },
      "engines": {
        "node": ">=6.9.0"
      }
    },
    "node_modules/@babel/helper-validator-identifier": {
      "version": "7.22.20",
      "dev": true,
      "license": "MIT",
      "engines": {
        "node": ">=6.9.0"
      }
    },
    "node_modules/@babel/highlight": {
      "version": "7.23.4",
      "dev": true,
      "license": "MIT",
      "dependencies": {
        "@babel/helper-validator-identifier": "^7.22.20",
        "chalk": "^2.4.2",
        "js-tokens": "^4.0.0"
      },
      "engines": {
        "node": ">=6.9.0"
      }
    },
    "node_modules/@capacitor/android": {
      "version": "6.1.0",
      "resolved": "https://registry.npmjs.org/@capacitor/android/-/android-6.1.0.tgz",
      "integrity": "sha512-S4PW4N5xtKHTrICjG7bkBhI70jdXbb+8nbm1pJpuXChCD0gkCcofJhPaw4bCoO0egcugBN1U7DkegNw5jWpHcw==",
      "dev": true,
      "peerDependencies": {
        "@capacitor/core": "^6.1.0"
      }
    },
    "node_modules/@capacitor/core": {
      "version": "6.1.0",
      "resolved": "https://registry.npmjs.org/@capacitor/core/-/core-6.1.0.tgz",
      "integrity": "sha512-Kt4ONm0X9xxJXn9Q73oBaKdzep5B/VJw3VjXa2eGul4cD2k37mJwgjpXSMRnLH0Aju5bCiRL8J/hMAfTlokO6A==",
      "dev": true,
      "peer": true,
      "dependencies": {
        "tslib": "^2.1.0"
      }
    },
    "node_modules/@capacitor/ios": {
      "version": "6.1.0",
      "resolved": "https://registry.npmjs.org/@capacitor/ios/-/ios-6.1.0.tgz",
      "integrity": "sha512-ex2q0LAyDDgfJj4fKDQuSNUYSpic3939/8A/sIIIxslwuRBF5i5fuhAngu6BhCt/pQSfEETcHtg2j2vD+YEZ2w==",
      "dev": true,
      "peerDependencies": {
        "@capacitor/core": "^6.1.0"
      }
    },
    "node_modules/@ionic/prettier-config": {
      "version": "2.1.2",
      "dev": true,
      "license": "MIT",
      "peerDependencies": {
        "prettier": "^2.4.0"
      }
    },
    "node_modules/@ionic/utils-array": {
      "version": "2.1.5",
      "dev": true,
      "license": "MIT",
      "dependencies": {
        "debug": "^4.0.0",
        "tslib": "^2.0.1"
      },
      "engines": {
        "node": ">=10.3.0"
      }
    },
    "node_modules/@ionic/utils-fs": {
      "version": "3.1.6",
      "dev": true,
      "license": "MIT",
      "dependencies": {
        "@types/fs-extra": "^8.0.0",
        "debug": "^4.0.0",
        "fs-extra": "^9.0.0",
        "tslib": "^2.0.1"
      },
      "engines": {
        "node": ">=10.3.0"
      }
    },
    "node_modules/@ionic/utils-object": {
      "version": "2.1.5",
      "dev": true,
      "license": "MIT",
      "dependencies": {
        "debug": "^4.0.0",
        "tslib": "^2.0.1"
      },
      "engines": {
        "node": ">=10.3.0"
      }
    },
    "node_modules/@ionic/utils-process": {
      "version": "2.1.10",
      "dev": true,
      "license": "MIT",
      "dependencies": {
        "@ionic/utils-object": "2.1.5",
        "@ionic/utils-terminal": "2.3.3",
        "debug": "^4.0.0",
        "signal-exit": "^3.0.3",
        "tree-kill": "^1.2.2",
        "tslib": "^2.0.1"
      },
      "engines": {
        "node": ">=10.3.0"
      }
    },
    "node_modules/@ionic/utils-stream": {
      "version": "3.1.5",
      "dev": true,
      "license": "MIT",
      "dependencies": {
        "debug": "^4.0.0",
        "tslib": "^2.0.1"
      },
      "engines": {
        "node": ">=10.3.0"
      }
    },
    "node_modules/@ionic/utils-subprocess": {
      "version": "2.1.11",
      "dev": true,
      "license": "MIT",
      "dependencies": {
        "@ionic/utils-array": "2.1.5",
        "@ionic/utils-fs": "3.1.6",
        "@ionic/utils-process": "2.1.10",
        "@ionic/utils-stream": "3.1.5",
        "@ionic/utils-terminal": "2.3.3",
        "cross-spawn": "^7.0.3",
        "debug": "^4.0.0",
        "tslib": "^2.0.1"
      },
      "engines": {
        "node": ">=10.3.0"
      }
    },
    "node_modules/@ionic/utils-terminal": {
      "version": "2.3.3",
      "dev": true,
      "license": "MIT",
      "dependencies": {
        "@types/slice-ansi": "^4.0.0",
        "debug": "^4.0.0",
        "signal-exit": "^3.0.3",
        "slice-ansi": "^4.0.0",
        "string-width": "^4.1.0",
        "strip-ansi": "^6.0.0",
        "tslib": "^2.0.1",
        "untildify": "^4.0.0",
        "wrap-ansi": "^7.0.0"
      },
      "engines": {
        "node": ">=10.3.0"
      }
    },
    "node_modules/@types/fs-extra": {
      "version": "8.1.5",
      "dev": true,
      "license": "MIT",
      "dependencies": {
        "@types/node": "*"
      }
    },
    "node_modules/@types/node": {
      "version": "20.11.16",
      "dev": true,
      "license": "MIT",
      "dependencies": {
        "undici-types": "~5.26.4"
      }
    },
    "node_modules/@types/parse-json": {
      "version": "4.0.2",
      "dev": true,
      "license": "MIT"
    },
    "node_modules/@types/slice-ansi": {
      "version": "4.0.0",
      "dev": true,
      "license": "MIT"
    },
    "node_modules/ansi-regex": {
      "version": "5.0.1",
      "dev": true,
      "license": "MIT",
      "engines": {
        "node": ">=8"
      }
    },
    "node_modules/ansi-styles": {
      "version": "3.2.1",
      "dev": true,
      "license": "MIT",
      "dependencies": {
        "color-convert": "^1.9.0"
      },
      "engines": {
        "node": ">=4"
      }
    },
    "node_modules/astral-regex": {
      "version": "2.0.0",
      "dev": true,
      "license": "MIT",
      "engines": {
        "node": ">=8"
      }
    },
    "node_modules/at-least-node": {
      "version": "1.0.0",
      "dev": true,
      "license": "ISC",
      "engines": {
        "node": ">= 4.0.0"
      }
    },
    "node_modules/callsites": {
      "version": "3.1.0",
      "dev": true,
      "license": "MIT",
      "engines": {
        "node": ">=6"
      }
    },
    "node_modules/chalk": {
      "version": "2.4.2",
      "dev": true,
      "license": "MIT",
      "dependencies": {
        "ansi-styles": "^3.2.1",
        "escape-string-regexp": "^1.0.5",
        "supports-color": "^5.3.0"
      },
      "engines": {
        "node": ">=4"
      }
    },
    "node_modules/chevrotain": {
      "version": "6.5.0",
      "dev": true,
      "license": "Apache-2.0",
      "dependencies": {
        "regexp-to-ast": "0.4.0"
      }
    },
    "node_modules/color-convert": {
      "version": "1.9.3",
      "dev": true,
      "license": "MIT",
      "dependencies": {
        "color-name": "1.1.3"
      }
    },
    "node_modules/color-name": {
      "version": "1.1.3",
      "dev": true,
      "license": "MIT"
    },
    "node_modules/cosmiconfig": {
      "version": "6.0.0",
      "dev": true,
      "license": "MIT",
      "dependencies": {
        "@types/parse-json": "^4.0.0",
        "import-fresh": "^3.1.0",
        "parse-json": "^5.0.0",
        "path-type": "^4.0.0",
        "yaml": "^1.7.2"
      },
      "engines": {
        "node": ">=8"
      }
    },
    "node_modules/cross-spawn": {
      "version": "7.0.3",
      "dev": true,
      "license": "MIT",
      "dependencies": {
        "path-key": "^3.1.0",
        "shebang-command": "^2.0.0",
        "which": "^2.0.1"
      },
      "engines": {
        "node": ">= 8"
      }
    },
    "node_modules/debug": {
      "version": "4.3.4",
      "dev": true,
      "license": "MIT",
      "dependencies": {
        "ms": "2.1.2"
      },
      "engines": {
        "node": ">=6.0"
      },
      "peerDependenciesMeta": {
        "supports-color": {
          "optional": true
        }
      }
    },
    "node_modules/emoji-regex": {
      "version": "8.0.0",
      "dev": true,
      "license": "MIT"
    },
    "node_modules/error-ex": {
      "version": "1.3.2",
      "dev": true,
      "license": "MIT",
      "dependencies": {
        "is-arrayish": "^0.2.1"
      }
    },
    "node_modules/escape-string-regexp": {
      "version": "1.0.5",
      "dev": true,
      "license": "MIT",
      "engines": {
        "node": ">=0.8.0"
      }
    },
    "node_modules/fs-extra": {
      "version": "9.1.0",
      "dev": true,
      "license": "MIT",
      "dependencies": {
        "at-least-node": "^1.0.0",
        "graceful-fs": "^4.2.0",
        "jsonfile": "^6.0.1",
        "universalify": "^2.0.0"
      },
      "engines": {
        "node": ">=10"
      }
    },
    "node_modules/graceful-fs": {
      "version": "4.2.11",
      "dev": true,
      "license": "ISC"
    },
    "node_modules/has-flag": {
      "version": "3.0.0",
      "dev": true,
      "license": "MIT",
      "engines": {
        "node": ">=4"
      }
    },
    "node_modules/import-fresh": {
      "version": "3.3.0",
      "dev": true,
      "license": "MIT",
      "dependencies": {
        "parent-module": "^1.0.0",
        "resolve-from": "^4.0.0"
      },
      "engines": {
        "node": ">=6"
      },
      "funding": {
        "url": "https://github.com/sponsors/sindresorhus"
      }
    },
    "node_modules/is-arrayish": {
      "version": "0.2.1",
      "dev": true,
      "license": "MIT"
    },
    "node_modules/is-fullwidth-code-point": {
      "version": "3.0.0",
      "dev": true,
      "license": "MIT",
      "engines": {
        "node": ">=8"
      }
    },
    "node_modules/isexe": {
      "version": "2.0.0",
      "dev": true,
      "license": "ISC"
    },
    "node_modules/java-parser": {
      "version": "2.0.2",
      "dev": true,
      "license": "Apache-2.0",
      "dependencies": {
        "chevrotain": "6.5.0",
        "lodash": "4.17.21"
      }
    },
    "node_modules/js-tokens": {
      "version": "4.0.0",
      "dev": true,
      "license": "MIT"
    },
    "node_modules/json-parse-even-better-errors": {
      "version": "2.3.1",
      "dev": true,
      "license": "MIT"
    },
    "node_modules/jsonfile": {
      "version": "6.1.0",
      "dev": true,
      "license": "MIT",
      "dependencies": {
        "universalify": "^2.0.0"
      },
      "optionalDependencies": {
        "graceful-fs": "^4.1.6"
      }
    },
    "node_modules/lines-and-columns": {
      "version": "1.2.4",
      "dev": true,
      "license": "MIT"
    },
    "node_modules/lodash": {
      "version": "4.17.21",
      "dev": true,
      "license": "MIT"
    },
    "node_modules/ms": {
      "version": "2.1.2",
      "dev": true,
      "license": "MIT"
    },
    "node_modules/parent-module": {
      "version": "1.0.1",
      "dev": true,
      "license": "MIT",
      "dependencies": {
        "callsites": "^3.0.0"
      },
      "engines": {
        "node": ">=6"
      }
    },
    "node_modules/parse-json": {
      "version": "5.2.0",
      "dev": true,
      "license": "MIT",
      "dependencies": {
        "@babel/code-frame": "^7.0.0",
        "error-ex": "^1.3.1",
        "json-parse-even-better-errors": "^2.3.0",
        "lines-and-columns": "^1.1.6"
      },
      "engines": {
        "node": ">=8"
      },
      "funding": {
        "url": "https://github.com/sponsors/sindresorhus"
      }
    },
    "node_modules/path-key": {
      "version": "3.1.1",
      "dev": true,
      "license": "MIT",
      "engines": {
        "node": ">=8"
      }
    },
    "node_modules/path-type": {
      "version": "4.0.0",
      "dev": true,
      "license": "MIT",
      "engines": {
        "node": ">=8"
      }
    },
    "node_modules/prettier": {
      "version": "2.7.1",
      "dev": true,
      "license": "MIT",
      "bin": {
        "prettier": "bin-prettier.js"
      },
      "engines": {
        "node": ">=10.13.0"
      },
      "funding": {
        "url": "https://github.com/prettier/prettier?sponsor=1"
      }
    },
    "node_modules/prettier-plugin-java": {
      "version": "1.6.2",
      "dev": true,
      "license": "Apache-2.0",
      "dependencies": {
        "java-parser": "2.0.2",
        "lodash": "4.17.21",
        "prettier": "2.3.1"
      }
    },
    "node_modules/prettier-plugin-java/node_modules/prettier": {
      "version": "2.3.1",
      "dev": true,
      "license": "MIT",
      "bin": {
        "prettier": "bin-prettier.js"
      },
      "engines": {
        "node": ">=10.13.0"
      }
    },
    "node_modules/regexp-to-ast": {
      "version": "0.4.0",
      "dev": true,
      "license": "MIT"
    },
    "node_modules/resolve-from": {
      "version": "4.0.0",
      "dev": true,
      "license": "MIT",
      "engines": {
        "node": ">=4"
      }
    },
    "node_modules/shebang-command": {
      "version": "2.0.0",
      "dev": true,
      "license": "MIT",
      "dependencies": {
        "shebang-regex": "^3.0.0"
      },
      "engines": {
        "node": ">=8"
      }
    },
    "node_modules/shebang-regex": {
      "version": "3.0.0",
      "dev": true,
      "license": "MIT",
      "engines": {
        "node": ">=8"
      }
    },
    "node_modules/signal-exit": {
      "version": "3.0.7",
      "dev": true,
      "license": "ISC"
    },
    "node_modules/slice-ansi": {
      "version": "4.0.0",
      "dev": true,
      "license": "MIT",
      "dependencies": {
        "ansi-styles": "^4.0.0",
        "astral-regex": "^2.0.0",
        "is-fullwidth-code-point": "^3.0.0"
      },
      "engines": {
        "node": ">=10"
      },
      "funding": {
        "url": "https://github.com/chalk/slice-ansi?sponsor=1"
      }
    },
    "node_modules/slice-ansi/node_modules/ansi-styles": {
      "version": "4.3.0",
      "dev": true,
      "license": "MIT",
      "dependencies": {
        "color-convert": "^2.0.1"
      },
      "engines": {
        "node": ">=8"
      },
      "funding": {
        "url": "https://github.com/chalk/ansi-styles?sponsor=1"
      }
    },
    "node_modules/slice-ansi/node_modules/color-convert": {
      "version": "2.0.1",
      "dev": true,
      "license": "MIT",
      "dependencies": {
        "color-name": "~1.1.4"
      },
      "engines": {
        "node": ">=7.0.0"
      }
    },
    "node_modules/slice-ansi/node_modules/color-name": {
      "version": "1.1.4",
      "dev": true,
      "license": "MIT"
    },
    "node_modules/string-width": {
      "version": "4.2.3",
      "dev": true,
      "license": "MIT",
      "dependencies": {
        "emoji-regex": "^8.0.0",
        "is-fullwidth-code-point": "^3.0.0",
        "strip-ansi": "^6.0.1"
      },
      "engines": {
        "node": ">=8"
      }
    },
    "node_modules/strip-ansi": {
      "version": "6.0.1",
      "dev": true,
      "license": "MIT",
      "dependencies": {
        "ansi-regex": "^5.0.1"
      },
      "engines": {
        "node": ">=8"
      }
    },
    "node_modules/supports-color": {
      "version": "5.5.0",
      "dev": true,
      "license": "MIT",
      "dependencies": {
        "has-flag": "^3.0.0"
      },
      "engines": {
        "node": ">=4"
      }
    },
    "node_modules/swiftlint": {
      "version": "1.0.2",
      "dev": true,
      "hasInstallScript": true,
      "license": "MIT",
      "dependencies": {
        "@ionic/utils-fs": "3.1.6",
        "@ionic/utils-subprocess": "2.1.11",
        "cosmiconfig": "^6.0.0"
      },
      "bin": {
        "node-swiftlint": "bin.js"
      }
    },
    "node_modules/tree-kill": {
      "version": "1.2.2",
      "dev": true,
      "license": "MIT",
      "bin": {
        "tree-kill": "cli.js"
      }
    },
    "node_modules/tslib": {
      "version": "2.6.2",
      "dev": true,
      "license": "0BSD"
    },
    "node_modules/undici-types": {
      "version": "5.26.5",
      "dev": true,
      "license": "MIT"
    },
    "node_modules/universalify": {
      "version": "2.0.1",
      "dev": true,
      "license": "MIT",
      "engines": {
        "node": ">= 10.0.0"
      }
    },
    "node_modules/untildify": {
      "version": "4.0.0",
      "dev": true,
      "license": "MIT",
      "engines": {
        "node": ">=8"
      }
    },
    "node_modules/which": {
      "version": "2.0.2",
      "dev": true,
      "license": "ISC",
      "dependencies": {
        "isexe": "^2.0.0"
      },
      "bin": {
        "node-which": "bin/node-which"
      },
      "engines": {
        "node": ">= 8"
      }
    },
    "node_modules/wrap-ansi": {
      "version": "7.0.0",
      "dev": true,
      "license": "MIT",
      "dependencies": {
        "ansi-styles": "^4.0.0",
        "string-width": "^4.1.0",
        "strip-ansi": "^6.0.0"
      },
      "engines": {
        "node": ">=10"
      },
      "funding": {
        "url": "https://github.com/chalk/wrap-ansi?sponsor=1"
      }
    },
    "node_modules/wrap-ansi/node_modules/ansi-styles": {
      "version": "4.3.0",
      "dev": true,
      "license": "MIT",
      "dependencies": {
        "color-convert": "^2.0.1"
      },
      "engines": {
        "node": ">=8"
      },
      "funding": {
        "url": "https://github.com/chalk/ansi-styles?sponsor=1"
      }
    },
    "node_modules/wrap-ansi/node_modules/color-convert": {
      "version": "2.0.1",
      "dev": true,
      "license": "MIT",
      "dependencies": {
        "color-name": "~1.1.4"
      },
      "engines": {
        "node": ">=7.0.0"
      }
    },
    "node_modules/wrap-ansi/node_modules/color-name": {
      "version": "1.1.4",
      "dev": true,
      "license": "MIT"
    },
    "node_modules/yaml": {
      "version": "1.10.2",
      "dev": true,
      "license": "ISC",
      "engines": {
        "node": ">= 6"
      }
    }
  },
  "dependencies": {
    "@babel/code-frame": {
      "version": "7.23.5",
      "dev": true,
      "requires": {
        "@babel/highlight": "^7.23.4",
        "chalk": "^2.4.2"
      }
    },
    "@babel/helper-validator-identifier": {
      "version": "7.22.20",
      "dev": true
    },
    "@babel/highlight": {
      "version": "7.23.4",
      "dev": true,
      "requires": {
        "@babel/helper-validator-identifier": "^7.22.20",
        "chalk": "^2.4.2",
        "js-tokens": "^4.0.0"
      }
    },
    "@capacitor/android": {
      "version": "6.1.0",
      "resolved": "https://registry.npmjs.org/@capacitor/android/-/android-6.1.0.tgz",
      "integrity": "sha512-S4PW4N5xtKHTrICjG7bkBhI70jdXbb+8nbm1pJpuXChCD0gkCcofJhPaw4bCoO0egcugBN1U7DkegNw5jWpHcw==",
      "dev": true,
      "requires": {}
    },
    "@capacitor/core": {
      "version": "6.1.0",
      "resolved": "https://registry.npmjs.org/@capacitor/core/-/core-6.1.0.tgz",
      "integrity": "sha512-Kt4ONm0X9xxJXn9Q73oBaKdzep5B/VJw3VjXa2eGul4cD2k37mJwgjpXSMRnLH0Aju5bCiRL8J/hMAfTlokO6A==",
      "dev": true,
      "peer": true,
      "requires": {
        "tslib": "^2.1.0"
      }
    },
    "@capacitor/ios": {
      "version": "6.1.0",
      "resolved": "https://registry.npmjs.org/@capacitor/ios/-/ios-6.1.0.tgz",
      "integrity": "sha512-ex2q0LAyDDgfJj4fKDQuSNUYSpic3939/8A/sIIIxslwuRBF5i5fuhAngu6BhCt/pQSfEETcHtg2j2vD+YEZ2w==",
      "dev": true,
      "requires": {}
    },
    "@ionic/prettier-config": {
      "version": "2.1.2",
      "dev": true,
      "requires": {}
    },
    "@ionic/utils-array": {
      "version": "2.1.5",
      "dev": true,
      "requires": {
        "debug": "^4.0.0",
        "tslib": "^2.0.1"
      }
    },
    "@ionic/utils-fs": {
      "version": "3.1.6",
      "dev": true,
      "requires": {
        "@types/fs-extra": "^8.0.0",
        "debug": "^4.0.0",
        "fs-extra": "^9.0.0",
        "tslib": "^2.0.1"
      }
    },
    "@ionic/utils-object": {
      "version": "2.1.5",
      "dev": true,
      "requires": {
        "debug": "^4.0.0",
        "tslib": "^2.0.1"
      }
    },
    "@ionic/utils-process": {
      "version": "2.1.10",
      "dev": true,
      "requires": {
        "@ionic/utils-object": "2.1.5",
        "@ionic/utils-terminal": "2.3.3",
        "debug": "^4.0.0",
        "signal-exit": "^3.0.3",
        "tree-kill": "^1.2.2",
        "tslib": "^2.0.1"
      }
    },
    "@ionic/utils-stream": {
      "version": "3.1.5",
      "dev": true,
      "requires": {
        "debug": "^4.0.0",
        "tslib": "^2.0.1"
      }
    },
    "@ionic/utils-subprocess": {
      "version": "2.1.11",
      "dev": true,
      "requires": {
        "@ionic/utils-array": "2.1.5",
        "@ionic/utils-fs": "3.1.6",
        "@ionic/utils-process": "2.1.10",
        "@ionic/utils-stream": "3.1.5",
        "@ionic/utils-terminal": "2.3.3",
        "cross-spawn": "^7.0.3",
        "debug": "^4.0.0",
        "tslib": "^2.0.1"
      }
    },
    "@ionic/utils-terminal": {
      "version": "2.3.3",
      "dev": true,
      "requires": {
        "@types/slice-ansi": "^4.0.0",
        "debug": "^4.0.0",
        "signal-exit": "^3.0.3",
        "slice-ansi": "^4.0.0",
        "string-width": "^4.1.0",
        "strip-ansi": "^6.0.0",
        "tslib": "^2.0.1",
        "untildify": "^4.0.0",
        "wrap-ansi": "^7.0.0"
      }
    },
    "@types/fs-extra": {
      "version": "8.1.5",
      "dev": true,
      "requires": {
        "@types/node": "*"
      }
    },
    "@types/node": {
      "version": "20.11.16",
      "dev": true,
      "requires": {
        "undici-types": "~5.26.4"
      }
    },
    "@types/parse-json": {
      "version": "4.0.2",
      "dev": true
    },
    "@types/slice-ansi": {
      "version": "4.0.0",
      "dev": true
    },
    "ansi-regex": {
      "version": "5.0.1",
      "dev": true
    },
    "ansi-styles": {
      "version": "3.2.1",
      "dev": true,
      "requires": {
        "color-convert": "^1.9.0"
      }
    },
    "astral-regex": {
      "version": "2.0.0",
      "dev": true
    },
    "at-least-node": {
      "version": "1.0.0",
      "dev": true
    },
    "callsites": {
      "version": "3.1.0",
      "dev": true
    },
    "chalk": {
      "version": "2.4.2",
      "dev": true,
      "requires": {
        "ansi-styles": "^3.2.1",
        "escape-string-regexp": "^1.0.5",
        "supports-color": "^5.3.0"
      }
    },
    "chevrotain": {
      "version": "6.5.0",
      "dev": true,
      "requires": {
        "regexp-to-ast": "0.4.0"
      }
    },
    "color-convert": {
      "version": "1.9.3",
      "dev": true,
      "requires": {
        "color-name": "1.1.3"
      }
    },
    "color-name": {
      "version": "1.1.3",
      "dev": true
    },
    "cosmiconfig": {
      "version": "6.0.0",
      "dev": true,
      "requires": {
        "@types/parse-json": "^4.0.0",
        "import-fresh": "^3.1.0",
        "parse-json": "^5.0.0",
        "path-type": "^4.0.0",
        "yaml": "^1.7.2"
      }
    },
    "cross-spawn": {
      "version": "7.0.3",
      "dev": true,
      "requires": {
        "path-key": "^3.1.0",
        "shebang-command": "^2.0.0",
        "which": "^2.0.1"
      }
    },
    "debug": {
      "version": "4.3.4",
      "dev": true,
      "requires": {
        "ms": "2.1.2"
      }
    },
    "emoji-regex": {
      "version": "8.0.0",
      "dev": true
    },
    "error-ex": {
      "version": "1.3.2",
      "dev": true,
      "requires": {
        "is-arrayish": "^0.2.1"
      }
    },
    "escape-string-regexp": {
      "version": "1.0.5",
      "dev": true
    },
    "fs-extra": {
      "version": "9.1.0",
      "dev": true,
      "requires": {
        "at-least-node": "^1.0.0",
        "graceful-fs": "^4.2.0",
        "jsonfile": "^6.0.1",
        "universalify": "^2.0.0"
      }
    },
    "graceful-fs": {
      "version": "4.2.11",
      "dev": true
    },
    "has-flag": {
      "version": "3.0.0",
      "dev": true
    },
    "import-fresh": {
      "version": "3.3.0",
      "dev": true,
      "requires": {
        "parent-module": "^1.0.0",
        "resolve-from": "^4.0.0"
      }
    },
    "is-arrayish": {
      "version": "0.2.1",
      "dev": true
    },
    "is-fullwidth-code-point": {
      "version": "3.0.0",
      "dev": true
    },
    "isexe": {
      "version": "2.0.0",
      "dev": true
    },
    "java-parser": {
      "version": "2.0.2",
      "dev": true,
      "requires": {
        "chevrotain": "6.5.0",
        "lodash": "4.17.21"
      }
    },
    "js-tokens": {
      "version": "4.0.0",
      "dev": true
    },
    "json-parse-even-better-errors": {
      "version": "2.3.1",
      "dev": true
    },
    "jsonfile": {
      "version": "6.1.0",
      "dev": true,
      "requires": {
        "graceful-fs": "^4.1.6",
        "universalify": "^2.0.0"
      }
    },
    "lines-and-columns": {
      "version": "1.2.4",
      "dev": true
    },
    "lodash": {
      "version": "4.17.21",
      "dev": true
    },
    "ms": {
      "version": "2.1.2",
      "dev": true
    },
    "parent-module": {
      "version": "1.0.1",
      "dev": true,
      "requires": {
        "callsites": "^3.0.0"
      }
    },
    "parse-json": {
      "version": "5.2.0",
      "dev": true,
      "requires": {
        "@babel/code-frame": "^7.0.0",
        "error-ex": "^1.3.1",
        "json-parse-even-better-errors": "^2.3.0",
        "lines-and-columns": "^1.1.6"
      }
    },
    "path-key": {
      "version": "3.1.1",
      "dev": true
    },
    "path-type": {
      "version": "4.0.0",
      "dev": true
    },
    "prettier": {
      "version": "2.7.1",
      "dev": true
    },
    "prettier-plugin-java": {
      "version": "1.6.2",
      "dev": true,
      "requires": {
        "java-parser": "2.0.2",
        "lodash": "4.17.21",
        "prettier": "2.3.1"
      },
      "dependencies": {
        "prettier": {
          "version": "2.3.1",
          "dev": true
        }
      }
    },
    "regexp-to-ast": {
      "version": "0.4.0",
      "dev": true
    },
    "resolve-from": {
      "version": "4.0.0",
      "dev": true
    },
    "shebang-command": {
      "version": "2.0.0",
      "dev": true,
      "requires": {
        "shebang-regex": "^3.0.0"
      }
    },
    "shebang-regex": {
      "version": "3.0.0",
      "dev": true
    },
    "signal-exit": {
      "version": "3.0.7",
      "dev": true
    },
    "slice-ansi": {
      "version": "4.0.0",
      "dev": true,
      "requires": {
        "ansi-styles": "^4.0.0",
        "astral-regex": "^2.0.0",
        "is-fullwidth-code-point": "^3.0.0"
      },
      "dependencies": {
        "ansi-styles": {
          "version": "4.3.0",
          "dev": true,
          "requires": {
            "color-convert": "^2.0.1"
          }
        },
        "color-convert": {
          "version": "2.0.1",
          "dev": true,
          "requires": {
            "color-name": "~1.1.4"
          }
        },
        "color-name": {
          "version": "1.1.4",
          "dev": true
        }
      }
    },
    "string-width": {
      "version": "4.2.3",
      "dev": true,
      "requires": {
        "emoji-regex": "^8.0.0",
        "is-fullwidth-code-point": "^3.0.0",
        "strip-ansi": "^6.0.1"
      }
    },
    "strip-ansi": {
      "version": "6.0.1",
      "dev": true,
      "requires": {
        "ansi-regex": "^5.0.1"
      }
    },
    "supports-color": {
      "version": "5.5.0",
      "dev": true,
      "requires": {
        "has-flag": "^3.0.0"
      }
    },
    "swiftlint": {
      "version": "1.0.2",
      "dev": true,
      "requires": {
        "@ionic/utils-fs": "3.1.6",
        "@ionic/utils-subprocess": "2.1.11",
        "cosmiconfig": "^6.0.0"
      }
    },
    "tree-kill": {
      "version": "1.2.2",
      "dev": true
    },
    "tslib": {
      "version": "2.6.2",
      "dev": true
    },
    "undici-types": {
      "version": "5.26.5",
      "dev": true
    },
    "universalify": {
      "version": "2.0.1",
      "dev": true
    },
    "untildify": {
      "version": "4.0.0",
      "dev": true
    },
    "which": {
      "version": "2.0.2",
      "dev": true,
      "requires": {
        "isexe": "^2.0.0"
      }
    },
    "wrap-ansi": {
      "version": "7.0.0",
      "dev": true,
      "requires": {
        "ansi-styles": "^4.0.0",
        "string-width": "^4.1.0",
        "strip-ansi": "^6.0.0"
      },
      "dependencies": {
        "ansi-styles": {
          "version": "4.3.0",
          "dev": true,
          "requires": {
            "color-convert": "^2.0.1"
          }
        },
        "color-convert": {
          "version": "2.0.1",
          "dev": true,
          "requires": {
            "color-name": "~1.1.4"
          }
        },
        "color-name": {
          "version": "1.1.4",
          "dev": true
        }
      }
    },
    "yaml": {
      "version": "1.10.2",
      "dev": true
    }
  }
}
